{
  "name": "formatting",
  "lockfileVersion": 2,
  "requires": true,
  "packages": {
    "": {
      "name": "formatting",
      "license": "ISC",
      "dependencies": {
        "@prettier/plugin-lua": "github:prettier/plugin-lua",
        "prettier": "^2.7.1"
      }
    },
    "node_modules/@prettier/plugin-lua": {
      "version": "0.0.1",
      "resolved": "git+ssh://git@github.com/prettier/plugin-lua.git#63d45f57abe20828edda91d068fd957174bbada4",
      "license": "MIT",
      "dependencies": {
        "luaparse": "0.2.1"
      },
      "engines": {
        "node": ">=10.13.0"
      },
      "peerDependencies": {
        "prettier": ">=2.0.0"
      }
    },
    "node_modules/luaparse": {
      "version": "0.2.1",
      "resolved": "https://registry.npmjs.org/luaparse/-/luaparse-0.2.1.tgz",
      "integrity": "sha512-VKBcryd5nJte4ZNR29NOk8F/UkMipjeb4yoxcSS51z6QAzg9DXUC2WsfLniS0J1eh3pr/ZL3e9ha6V8fhoLbBQ==",
      "bin": {
        "luaparse": "bin/luaparse"
      }
    },
    "node_modules/prettier": {
      "version": "2.7.1",
      "resolved": "https://registry.npmjs.org/prettier/-/prettier-2.7.1.tgz",
      "integrity": "sha512-ujppO+MkdPqoVINuDFDRLClm7D78qbDt0/NR+wp5FqEZOoTNAjPHWj17QRhu7geIHJfcNhRk1XVQmF8Bp3ye+g==",
      "bin": {
        "prettier": "bin-prettier.js"
      },
      "engines": {
        "node": ">=10.13.0"
      },
      "funding": {
        "url": "https://github.com/prettier/prettier?sponsor=1"
      }
    }
  },
  "dependencies": {
    "@prettier/plugin-lua": {
      "version": "git+ssh://git@github.com/prettier/plugin-lua.git#63d45f57abe20828edda91d068fd957174bbada4",
      "from": "@prettier/plugin-lua@github:prettier/plugin-lua",
      "requires": {
        "luaparse": "0.2.1"
      }
    },
    "luaparse": {
      "version": "0.2.1",
      "resolved": "https://registry.npmjs.org/luaparse/-/luaparse-0.2.1.tgz",
      "integrity": "sha512-VKBcryd5nJte4ZNR29NOk8F/UkMipjeb4yoxcSS51z6QAzg9DXUC2WsfLniS0J1eh3pr/ZL3e9ha6V8fhoLbBQ=="
    },
    "prettier": {
      "version": "2.7.1",
      "resolved": "https://registry.npmjs.org/prettier/-/prettier-2.7.1.tgz",
      "integrity": "sha512-ujppO+MkdPqoVINuDFDRLClm7D78qbDt0/NR+wp5FqEZOoTNAjPHWj17QRhu7geIHJfcNhRk1XVQmF8Bp3ye+g=="
    }
  }
}
